// !$*UTF8*$!
{
	archiveVersion = 1;
	classes = {
	};
	objectVersion = 56;
	objects = {

/* Begin PBXBuildFile section */
		231924952BB680AD00837F45 /* FindMyIPApp.swift in Sources */ = {isa = PBXBuildFile; fileRef = 231924942BB680AD00837F45 /* FindMyIPApp.swift */; };
		231924972BB680AD00837F45 /* ContentView.swift in Sources */ = {isa = PBXBuildFile; fileRef = 231924962BB680AD00837F45 /* ContentView.swift */; };
		231924992BB680AE00837F45 /* Assets.xcassets in Resources */ = {isa = PBXBuildFile; fileRef = 231924982BB680AE00837F45 /* Assets.xcassets */; };
		2319249C2BB680AE00837F45 /* Preview Assets.xcassets in Resources */ = {isa = PBXBuildFile; fileRef = 2319249B2BB680AE00837F45 /* Preview Assets.xcassets */; };
		23B9B1262BB68530005E5BAD /* IpModel.swift in Sources */ = {isa = PBXBuildFile; fileRef = 23B9B1252BB68530005E5BAD /* IpModel.swift */; };
		23B9B1282BB685EB005E5BAD /* EndPoint.swift in Sources */ = {isa = PBXBuildFile; fileRef = 23B9B1272BB685EB005E5BAD /* EndPoint.swift */; };
		23B9B12A2BB68610005E5BAD /* URLRequestBuilder.swift in Sources */ = {isa = PBXBuildFile; fileRef = 23B9B1292BB68610005E5BAD /* URLRequestBuilder.swift */; };
		23B9B12E2BB6872B005E5BAD /* NetWorkManager.swift in Sources */ = {isa = PBXBuildFile; fileRef = 23B9B12D2BB6872B005E5BAD /* NetWorkManager.swift */; };
		23B9B1312BB68796005E5BAD /* Constants.swift in Sources */ = {isa = PBXBuildFile; fileRef = 23B9B1302BB68796005E5BAD /* Constants.swift */; };
		23B9B1332BB68888005E5BAD /* AppError.swift in Sources */ = {isa = PBXBuildFile; fileRef = 23B9B1322BB68888005E5BAD /* AppError.swift */; };
		23B9B1352BB68922005E5BAD /* IpServiceViewModel.swift in Sources */ = {isa = PBXBuildFile; fileRef = 23B9B1342BB68922005E5BAD /* IpServiceViewModel.swift */; };
		23B9B1482BB7E7C5005E5BAD /* FindMyIPTests.swift in Sources */ = {isa = PBXBuildFile; fileRef = 23B9B1472BB7E7C5005E5BAD /* FindMyIPTests.swift */; };
/* End PBXBuildFile section */

/* Begin PBXContainerItemProxy section */
		23B9B1492BB7E7C5005E5BAD /* PBXContainerItemProxy */ = {
			isa = PBXContainerItemProxy;
			containerPortal = 231924892BB680AD00837F45 /* Project object */;
			proxyType = 1;
			remoteGlobalIDString = 231924902BB680AD00837F45;
			remoteInfo = FindMyIP;
		};
/* End PBXContainerItemProxy section */

/* Begin PBXFileReference section */
		231924912BB680AD00837F45 /* FindMyIP.app */ = {isa = PBXFileReference; explicitFileType = wrapper.application; includeInIndex = 0; path = FindMyIP.app; sourceTree = BUILT_PRODUCTS_DIR; };
		231924942BB680AD00837F45 /* FindMyIPApp.swift */ = {isa = PBXFileReference; lastKnownFileType = sourcecode.swift; path = FindMyIPApp.swift; sourceTree = "<group>"; };
		231924962BB680AD00837F45 /* ContentView.swift */ = {isa = PBXFileReference; lastKnownFileType = sourcecode.swift; path = ContentView.swift; sourceTree = "<group>"; };
		231924982BB680AE00837F45 /* Assets.xcassets */ = {isa = PBXFileReference; lastKnownFileType = folder.assetcatalog; path = Assets.xcassets; sourceTree = "<group>"; };
		2319249B2BB680AE00837F45 /* Preview Assets.xcassets */ = {isa = PBXFileReference; lastKnownFileType = folder.assetcatalog; path = "Preview Assets.xcassets"; sourceTree = "<group>"; };
		23B9B1252BB68530005E5BAD /* IpModel.swift */ = {isa = PBXFileReference; lastKnownFileType = sourcecode.swift; path = IpModel.swift; sourceTree = "<group>"; };
		23B9B1272BB685EB005E5BAD /* EndPoint.swift */ = {isa = PBXFileReference; lastKnownFileType = sourcecode.swift; path = EndPoint.swift; sourceTree = "<group>"; };
		23B9B1292BB68610005E5BAD /* URLRequestBuilder.swift */ = {isa = PBXFileReference; lastKnownFileType = sourcecode.swift; path = URLRequestBuilder.swift; sourceTree = "<group>"; };
		23B9B12D2BB6872B005E5BAD /* NetWorkManager.swift */ = {isa = PBXFileReference; lastKnownFileType = sourcecode.swift; path = NetWorkManager.swift; sourceTree = "<group>"; };
		23B9B1302BB68796005E5BAD /* Constants.swift */ = {isa = PBXFileReference; fileEncoding = 4; lastKnownFileType = sourcecode.swift; path = Constants.swift; sourceTree = "<group>"; };
		23B9B1322BB68888005E5BAD /* AppError.swift */ = {isa = PBXFileReference; lastKnownFileType = sourcecode.swift; path = AppError.swift; sourceTree = "<group>"; };
		23B9B1342BB68922005E5BAD /* IpServiceViewModel.swift */ = {isa = PBXFileReference; lastKnownFileType = sourcecode.swift; path = IpServiceViewModel.swift; sourceTree = "<group>"; };
		23B9B1452BB7E7C5005E5BAD /* FindMyIPTests.xctest */ = {isa = PBXFileReference; explicitFileType = wrapper.cfbundle; includeInIndex = 0; path = FindMyIPTests.xctest; sourceTree = BUILT_PRODUCTS_DIR; };
		23B9B1472BB7E7C5005E5BAD /* FindMyIPTests.swift */ = {isa = PBXFileReference; lastKnownFileType = sourcecode.swift; path = FindMyIPTests.swift; sourceTree = "<group>"; };
/* End PBXFileReference section */

/* Begin PBXFrameworksBuildPhase section */
		2319248E2BB680AD00837F45 /* Frameworks */ = {
			isa = PBXFrameworksBuildPhase;
			buildActionMask = 2147483647;
			files = (
			);
			runOnlyForDeploymentPostprocessing = 0;
		};
		23B9B1422BB7E7C5005E5BAD /* Frameworks */ = {
			isa = PBXFrameworksBuildPhase;
			buildActionMask = 2147483647;
			files = (
			);
			runOnlyForDeploymentPostprocessing = 0;
		};
/* End PBXFrameworksBuildPhase section */

/* Begin PBXGroup section */
		231924882BB680AD00837F45 = {
			isa = PBXGroup;
			children = (
				231924932BB680AD00837F45 /* FindMyIP */,
				23B9B1462BB7E7C5005E5BAD /* FindMyIPTests */,
				231924922BB680AD00837F45 /* Products */,
			);
			sourceTree = "<group>";
		};
		231924922BB680AD00837F45 /* Products */ = {
			isa = PBXGroup;
			children = (
				231924912BB680AD00837F45 /* FindMyIP.app */,
				23B9B1452BB7E7C5005E5BAD /* FindMyIPTests.xctest */,
			);
			name = Products;
			sourceTree = "<group>";
		};
		231924932BB680AD00837F45 /* FindMyIP */ = {
			isa = PBXGroup;
			children = (
				23B9B12F2BB6878A005E5BAD /* Enums */,
				231924A52BB683EB00837F45 /* Network */,
				231924A42BB683D600837F45 /* ViewModels */,
				231924A32BB683C900837F45 /* Views */,
				231924A22BB683C000837F45 /* Models */,
				231924942BB680AD00837F45 /* FindMyIPApp.swift */,
				231924982BB680AE00837F45 /* Assets.xcassets */,
				2319249A2BB680AE00837F45 /* Preview Content */,
			);
			path = FindMyIP;
			sourceTree = "<group>";
		};
		2319249A2BB680AE00837F45 /* Preview Content */ = {
			isa = PBXGroup;
			children = (
				2319249B2BB680AE00837F45 /* Preview Assets.xcassets */,
			);
			path = "Preview Content";
			sourceTree = "<group>";
		};
		231924A22BB683C000837F45 /* Models */ = {
			isa = PBXGroup;
			children = (
				23B9B1252BB68530005E5BAD /* IpModel.swift */,
			);
			path = Models;
			sourceTree = "<group>";
		};
		231924A32BB683C900837F45 /* Views */ = {
			isa = PBXGroup;
			children = (
				231924962BB680AD00837F45 /* ContentView.swift */,
			);
			path = Views;
			sourceTree = "<group>";
		};
		231924A42BB683D600837F45 /* ViewModels */ = {
			isa = PBXGroup;
			children = (
				23B9B1342BB68922005E5BAD /* IpServiceViewModel.swift */,
			);
			path = ViewModels;
			sourceTree = "<group>";
		};
		231924A52BB683EB00837F45 /* Network */ = {
			isa = PBXGroup;
			children = (
				23B9B1272BB685EB005E5BAD /* EndPoint.swift */,
				23B9B1292BB68610005E5BAD /* URLRequestBuilder.swift */,
				23B9B12D2BB6872B005E5BAD /* NetWorkManager.swift */,
			);
			path = Network;
			sourceTree = "<group>";
		};
		23B9B12F2BB6878A005E5BAD /* Enums */ = {
			isa = PBXGroup;
			children = (
				23B9B1302BB68796005E5BAD /* Constants.swift */,
				23B9B1322BB68888005E5BAD /* AppError.swift */,
			);
			path = Enums;
			sourceTree = "<group>";
		};
		23B9B1462BB7E7C5005E5BAD /* FindMyIPTests */ = {
			isa = PBXGroup;
			children = (
				23B9B1472BB7E7C5005E5BAD /* FindMyIPTests.swift */,
			);
			path = FindMyIPTests;
			sourceTree = "<group>";
		};
/* End PBXGroup section */

/* Begin PBXNativeTarget section */
		231924902BB680AD00837F45 /* FindMyIP */ = {
			isa = PBXNativeTarget;
			buildConfigurationList = 2319249F2BB680AE00837F45 /* Build configuration list for PBXNativeTarget "FindMyIP" */;
			buildPhases = (
				2319248D2BB680AD00837F45 /* Sources */,
				2319248E2BB680AD00837F45 /* Frameworks */,
				2319248F2BB680AD00837F45 /* Resources */,
			);
			buildRules = (
			);
			dependencies = (
			);
			name = FindMyIP;
			productName = FindMyIP;
			productReference = 231924912BB680AD00837F45 /* FindMyIP.app */;
			productType = "com.apple.product-type.application";
		};
		23B9B1442BB7E7C5005E5BAD /* FindMyIPTests */ = {
			isa = PBXNativeTarget;
			buildConfigurationList = 23B9B14B2BB7E7C5005E5BAD /* Build configuration list for PBXNativeTarget "FindMyIPTests" */;
			buildPhases = (
				23B9B1412BB7E7C5005E5BAD /* Sources */,
				23B9B1422BB7E7C5005E5BAD /* Frameworks */,
				23B9B1432BB7E7C5005E5BAD /* Resources */,
			);
			buildRules = (
			);
			dependencies = (
				23B9B14A2BB7E7C5005E5BAD /* PBXTargetDependency */,
			);
			name = FindMyIPTests;
			productName = FindMyIPTests;
			productReference = 23B9B1452BB7E7C5005E5BAD /* FindMyIPTests.xctest */;
			productType = "com.apple.product-type.bundle.unit-test";
		};
/* End PBXNativeTarget section */

/* Begin PBXProject section */
		231924892BB680AD00837F45 /* Project object */ = {
			isa = PBXProject;
			attributes = {
				BuildIndependentTargetsInParallel = 1;
				LastSwiftUpdateCheck = 1520;
				LastUpgradeCheck = 1520;
				TargetAttributes = {
					231924902BB680AD00837F45 = {
						CreatedOnToolsVersion = 15.2;
					};
					23B9B1442BB7E7C5005E5BAD = {
						CreatedOnToolsVersion = 15.2;
						TestTargetID = 231924902BB680AD00837F45;
					};
				};
			};
			buildConfigurationList = 2319248C2BB680AD00837F45 /* Build configuration list for PBXProject "FindMyIP" */;
			compatibilityVersion = "Xcode 14.0";
			developmentRegion = en;
			hasScannedForEncodings = 0;
			knownRegions = (
				en,
				Base,
			);
			mainGroup = 231924882BB680AD00837F45;
			productRefGroup = 231924922BB680AD00837F45 /* Products */;
			projectDirPath = "";
			projectRoot = "";
			targets = (
				231924902BB680AD00837F45 /* FindMyIP */,
				23B9B1442BB7E7C5005E5BAD /* FindMyIPTests */,
			);
		};
/* End PBXProject section */

/* Begin PBXResourcesBuildPhase section */
		2319248F2BB680AD00837F45 /* Resources */ = {
			isa = PBXResourcesBuildPhase;
			buildActionMask = 2147483647;
			files = (
				2319249C2BB680AE00837F45 /* Preview Assets.xcassets in Resources */,
				231924992BB680AE00837F45 /* Assets.xcassets in Resources */,
			);
			runOnlyForDeploymentPostprocessing = 0;
		};
		23B9B1432BB7E7C5005E5BAD /* Resources */ = {
			isa = PBXResourcesBuildPhase;
			buildActionMask = 2147483647;
			files = (
			);
			runOnlyForDeploymentPostprocessing = 0;
		};
/* End PBXResourcesBuildPhase section */

/* Begin PBXSourcesBuildPhase section */
		2319248D2BB680AD00837F45 /* Sources */ = {
			isa = PBXSourcesBuildPhase;
			buildActionMask = 2147483647;
			files = (
				231924972BB680AD00837F45 /* ContentView.swift in Sources */,
				23B9B12A2BB68610005E5BAD /* URLRequestBuilder.swift in Sources */,
				23B9B1332BB68888005E5BAD /* AppError.swift in Sources */,
				231924952BB680AD00837F45 /* FindMyIPApp.swift in Sources */,
				23B9B1282BB685EB005E5BAD /* EndPoint.swift in Sources */,
				23B9B1352BB68922005E5BAD /* IpServiceViewModel.swift in Sources */,
				23B9B12E2BB6872B005E5BAD /* NetWorkManager.swift in Sources */,
				23B9B1262BB68530005E5BAD /* IpModel.swift in Sources */,
				23B9B1312BB68796005E5BAD /* Constants.swift in Sources */,
			);
			runOnlyForDeploymentPostprocessing = 0;
		};
		23B9B1412BB7E7C5005E5BAD /* Sources */ = {
			isa = PBXSourcesBuildPhase;
			buildActionMask = 2147483647;
			files = (
				23B9B1482BB7E7C5005E5BAD /* FindMyIPTests.swift in Sources */,
			);
			runOnlyForDeploymentPostprocessing = 0;
		};
/* End PBXSourcesBuildPhase section */

/* Begin PBXTargetDependency section */
		23B9B14A2BB7E7C5005E5BAD /* PBXTargetDependency */ = {
			isa = PBXTargetDependency;
			target = 231924902BB680AD00837F45 /* FindMyIP */;
			targetProxy = 23B9B1492BB7E7C5005E5BAD /* PBXContainerItemProxy */;
		};
/* End PBXTargetDependency section */

/* Begin XCBuildConfiguration section */
		2319249D2BB680AE00837F45 /* Debug */ = {
			isa = XCBuildConfiguration;
			buildSettings = {
				ALWAYS_SEARCH_USER_PATHS = NO;
				ASSETCATALOG_COMPILER_GENERATE_SWIFT_ASSET_SYMBOL_EXTENSIONS = YES;
				CLANG_ANALYZER_NONNULL = YES;
				CLANG_ANALYZER_NUMBER_OBJECT_CONVERSION = YES_AGGRESSIVE;
				CLANG_CXX_LANGUAGE_STANDARD = "gnu++20";
				CLANG_ENABLE_MODULES = YES;
				CLANG_ENABLE_OBJC_ARC = YES;
				CLANG_ENABLE_OBJC_WEAK = YES;
				CLANG_WARN_BLOCK_CAPTURE_AUTORELEASING = YES;
				CLANG_WARN_BOOL_CONVERSION = YES;
				CLANG_WARN_COMMA = YES;
				CLANG_WARN_CONSTANT_CONVERSION = YES;
				CLANG_WARN_DEPRECATED_OBJC_IMPLEMENTATIONS = YES;
				CLANG_WARN_DIRECT_OBJC_ISA_USAGE = YES_ERROR;
				CLANG_WARN_DOCUMENTATION_COMMENTS = YES;
				CLANG_WARN_EMPTY_BODY = YES;
				CLANG_WARN_ENUM_CONVERSION = YES;
				CLANG_WARN_INFINITE_RECURSION = YES;
				CLANG_WARN_INT_CONVERSION = YES;
				CLANG_WARN_NON_LITERAL_NULL_CONVERSION = YES;
				CLANG_WARN_OBJC_IMPLICIT_RETAIN_SELF = YES;
				CLANG_WARN_OBJC_LITERAL_CONVERSION = YES;
				CLANG_WARN_OBJC_ROOT_CLASS = YES_ERROR;
				CLANG_WARN_QUOTED_INCLUDE_IN_FRAMEWORK_HEADER = YES;
				CLANG_WARN_RANGE_LOOP_ANALYSIS = YES;
				CLANG_WARN_STRICT_PROTOTYPES = YES;
				CLANG_WARN_SUSPICIOUS_MOVE = YES;
				CLANG_WARN_UNGUARDED_AVAILABILITY = YES_AGGRESSIVE;
				CLANG_WARN_UNREACHABLE_CODE = YES;
				CLANG_WARN__DUPLICATE_METHOD_MATCH = YES;
				COPY_PHASE_STRIP = NO;
				DEBUG_INFORMATION_FORMAT = dwarf;
				ENABLE_STRICT_OBJC_MSGSEND = YES;
				ENABLE_TESTABILITY = YES;
				ENABLE_USER_SCRIPT_SANDBOXING = YES;
				GCC_C_LANGUAGE_STANDARD = gnu17;
				GCC_DYNAMIC_NO_PIC = NO;
				GCC_NO_COMMON_BLOCKS = YES;
				GCC_OPTIMIZATION_LEVEL = 0;
				GCC_PREPROCESSOR_DEFINITIONS = (
					"DEBUG=1",
					"$(inherited)",
				);
				GCC_WARN_64_TO_32_BIT_CONVERSION = YES;
				GCC_WARN_ABOUT_RETURN_TYPE = YES_ERROR;
				GCC_WARN_UNDECLARED_SELECTOR = YES;
				GCC_WARN_UNINITIALIZED_AUTOS = YES_AGGRESSIVE;
				GCC_WARN_UNUSED_FUNCTION = YES;
				GCC_WARN_UNUSED_VARIABLE = YES;
				IPHONEOS_DEPLOYMENT_TARGET = 17.2;
				LOCALIZATION_PREFERS_STRING_CATALOGS = YES;
				MTL_ENABLE_DEBUG_INFO = INCLUDE_SOURCE;
				MTL_FAST_MATH = YES;
				ONLY_ACTIVE_ARCH = YES;
				SDKROOT = iphoneos;
				SWIFT_ACTIVE_COMPILATION_CONDITIONS = "DEBUG $(inherited)";
				SWIFT_OPTIMIZATION_LEVEL = "-Onone";
			};
			name = Debug;
		};
		2319249E2BB680AE00837F45 /* Release */ = {
			isa = XCBuildConfiguration;
			buildSettings = {
				ALWAYS_SEARCH_USER_PATHS = NO;
				ASSETCATALOG_COMPILER_GENERATE_SWIFT_ASSET_SYMBOL_EXTENSIONS = YES;
				CLANG_ANALYZER_NONNULL = YES;
				CLANG_ANALYZER_NUMBER_OBJECT_CONVERSION = YES_AGGRESSIVE;
				CLANG_CXX_LANGUAGE_STANDARD = "gnu++20";
				CLANG_ENABLE_MODULES = YES;
				CLANG_ENABLE_OBJC_ARC = YES;
				CLANG_ENABLE_OBJC_WEAK = YES;
				CLANG_WARN_BLOCK_CAPTURE_AUTORELEASING = YES;
				CLANG_WARN_BOOL_CONVERSION = YES;
				CLANG_WARN_COMMA = YES;
				CLANG_WARN_CONSTANT_CONVERSION = YES;
				CLANG_WARN_DEPRECATED_OBJC_IMPLEMENTATIONS = YES;
				CLANG_WARN_DIRECT_OBJC_ISA_USAGE = YES_ERROR;
				CLANG_WARN_DOCUMENTATION_COMMENTS = YES;
				CLANG_WARN_EMPTY_BODY = YES;
				CLANG_WARN_ENUM_CONVERSION = YES;
				CLANG_WARN_INFINITE_RECURSION = YES;
				CLANG_WARN_INT_CONVERSION = YES;
				CLANG_WARN_NON_LITERAL_NULL_CONVERSION = YES;
				CLANG_WARN_OBJC_IMPLICIT_RETAIN_SELF = YES;
				CLANG_WARN_OBJC_LITERAL_CONVERSION = YES;
				CLANG_WARN_OBJC_ROOT_CLASS = YES_ERROR;
				CLANG_WARN_QUOTED_INCLUDE_IN_FRAMEWORK_HEADER = YES;
				CLANG_WARN_RANGE_LOOP_ANALYSIS = YES;
				CLANG_WARN_STRICT_PROTOTYPES = YES;
				CLANG_WARN_SUSPICIOUS_MOVE = YES;
				CLANG_WARN_UNGUARDED_AVAILABILITY = YES_AGGRESSIVE;
				CLANG_WARN_UNREACHABLE_CODE = YES;
				CLANG_WARN__DUPLICATE_METHOD_MATCH = YES;
				COPY_PHASE_STRIP = NO;
				DEBUG_INFORMATION_FORMAT = "dwarf-with-dsym";
				ENABLE_NS_ASSERTIONS = NO;
				ENABLE_STRICT_OBJC_MSGSEND = YES;
				ENABLE_USER_SCRIPT_SANDBOXING = YES;
				GCC_C_LANGUAGE_STANDARD = gnu17;
				GCC_NO_COMMON_BLOCKS = YES;
				GCC_WARN_64_TO_32_BIT_CONVERSION = YES;
				GCC_WARN_ABOUT_RETURN_TYPE = YES_ERROR;
				GCC_WARN_UNDECLARED_SELECTOR = YES;
				GCC_WARN_UNINITIALIZED_AUTOS = YES_AGGRESSIVE;
				GCC_WARN_UNUSED_FUNCTION = YES;
				GCC_WARN_UNUSED_VARIABLE = YES;
				IPHONEOS_DEPLOYMENT_TARGET = 17.2;
				LOCALIZATION_PREFERS_STRING_CATALOGS = YES;
				MTL_ENABLE_DEBUG_INFO = NO;
				MTL_FAST_MATH = YES;
				SDKROOT = iphoneos;
				SWIFT_COMPILATION_MODE = wholemodule;
				VALIDATE_PRODUCT = YES;
			};
			name = Release;
		};
		231924A02BB680AE00837F45 /* Debug */ = {
			isa = XCBuildConfiguration;
			buildSettings = {
				ASSETCATALOG_COMPILER_APPICON_NAME = AppIcon;
				ASSETCATALOG_COMPILER_GLOBAL_ACCENT_COLOR_NAME = AccentColor;
				CODE_SIGN_STYLE = Automatic;
				CURRENT_PROJECT_VERSION = 1;
				DEVELOPMENT_ASSET_PATHS = "\"FindMyIP/Preview Content\"";
				DEVELOPMENT_TEAM = D3389P9W3X;
				ENABLE_PREVIEWS = YES;
				GENERATE_INFOPLIST_FILE = YES;
				INFOPLIST_KEY_UIApplicationSceneManifest_Generation = YES;
				INFOPLIST_KEY_UIApplicationSupportsIndirectInputEvents = YES;
				INFOPLIST_KEY_UILaunchScreen_Generation = YES;
				INFOPLIST_KEY_UISupportedInterfaceOrientations_iPad = "UIInterfaceOrientationPortrait UIInterfaceOrientationPortraitUpsideDown UIInterfaceOrientationLandscapeLeft UIInterfaceOrientationLandscapeRight";
				INFOPLIST_KEY_UISupportedInterfaceOrientations_iPhone = "UIInterfaceOrientationPortrait UIInterfaceOrientationLandscapeLeft UIInterfaceOrientationLandscapeRight";
				LD_RUNPATH_SEARCH_PATHS = (
					"$(inherited)",
					"@executable_path/Frameworks",
				);
				MARKETING_VERSION = 1.0;
				PRODUCT_BUNDLE_IDENTIFIER = com.vsoft.FindMyIP;
				PRODUCT_NAME = "$(TARGET_NAME)";
				SWIFT_EMIT_LOC_STRINGS = YES;
				SWIFT_VERSION = 5.0;
				TARGETED_DEVICE_FAMILY = "1,2";
			};
			name = Debug;
		};
		231924A12BB680AE00837F45 /* Release */ = {
			isa = XCBuildConfiguration;
			buildSettings = {
				ASSETCATALOG_COMPILER_APPICON_NAME = AppIcon;
				ASSETCATALOG_COMPILER_GLOBAL_ACCENT_COLOR_NAME = AccentColor;
				CODE_SIGN_STYLE = Automatic;
				CURRENT_PROJECT_VERSION = 1;
				DEVELOPMENT_ASSET_PATHS = "\"FindMyIP/Preview Content\"";
				DEVELOPMENT_TEAM = D3389P9W3X;
				ENABLE_PREVIEWS = YES;
				GENERATE_INFOPLIST_FILE = YES;
				INFOPLIST_KEY_UIApplicationSceneManifest_Generation = YES;
				INFOPLIST_KEY_UIApplicationSupportsIndirectInputEvents = YES;
				INFOPLIST_KEY_UILaunchScreen_Generation = YES;
				INFOPLIST_KEY_UISupportedInterfaceOrientations_iPad = "UIInterfaceOrientationPortrait UIInterfaceOrientationPortraitUpsideDown UIInterfaceOrientationLandscapeLeft UIInterfaceOrientationLandscapeRight";
				INFOPLIST_KEY_UISupportedInterfaceOrientations_iPhone = "UIInterfaceOrientationPortrait UIInterfaceOrientationLandscapeLeft UIInterfaceOrientationLandscapeRight";
				LD_RUNPATH_SEARCH_PATHS = (
					"$(inherited)",
					"@executable_path/Frameworks",
				);
				MARKETING_VERSION = 1.0;
				PRODUCT_BUNDLE_IDENTIFIER = com.vsoft.FindMyIP;
				PRODUCT_NAME = "$(TARGET_NAME)";
				SWIFT_EMIT_LOC_STRINGS = YES;
				SWIFT_VERSION = 5.0;
				TARGETED_DEVICE_FAMILY = "1,2";
			};
			name = Release;
		};
		23B9B14C2BB7E7C5005E5BAD /* Debug */ = {
			isa = XCBuildConfiguration;
			buildSettings = {
				BUNDLE_LOADER = "$(TEST_HOST)";
				CODE_SIGN_STYLE = Automatic;
				CURRENT_PROJECT_VERSION = 1;
				DEVELOPMENT_TEAM = D3389P9W3X;
				GENERATE_INFOPLIST_FILE = YES;
				MARKETING_VERSION = 1.0;
				PRODUCT_BUNDLE_IDENTIFIER = com.test.FindMyIPTests;
				PRODUCT_NAME = "$(TARGET_NAME)";
				SWIFT_EMIT_LOC_STRINGS = NO;
				SWIFT_VERSION = 5.0;
				TARGETED_DEVICE_FAMILY = "1,2";
				TEST_HOST = "$(BUILT_PRODUCTS_DIR)/FindMyIP.app/$(BUNDLE_EXECUTABLE_FOLDER_PATH)/FindMyIP";
			};
			name = Debug;
		};
		23B9B14D2BB7E7C5005E5BAD /* Release */ = {
			isa = XCBuildConfiguration;
			buildSettings = {
				BUNDLE_LOADER = "$(TEST_HOST)";
				CODE_SIGN_STYLE = Automatic;
				CURRENT_PROJECT_VERSION = 1;
				DEVELOPMENT_TEAM = D3389P9W3X;
				GENERATE_INFOPLIST_FILE = YES;
				MARKETING_VERSION = 1.0;
				PRODUCT_BUNDLE_IDENTIFIER = com.test.FindMyIPTests;
				PRODUCT_NAME = "$(TARGET_NAME)";
				SWIFT_EMIT_LOC_STRINGS = NO;
				SWIFT_VERSION = 5.0;
				TARGETED_DEVICE_FAMILY = "1,2";
				TEST_HOST = "$(BUILT_PRODUCTS_DIR)/FindMyIP.app/$(BUNDLE_EXECUTABLE_FOLDER_PATH)/FindMyIP";
			};
			name = Release;
		};
/* End XCBuildConfiguration section */

/* Begin XCConfigurationList section */
		2319248C2BB680AD00837F45 /* Build configuration list for PBXProject "FindMyIP" */ = {
			isa = XCConfigurationList;
			buildConfigurations = (
				2319249D2BB680AE00837F45 /* Debug */,
				2319249E2BB680AE00837F45 /* Release */,
			);
			defaultConfigurationIsVisible = 0;
			defaultConfigurationName = Release;
		};
		2319249F2BB680AE00837F45 /* Build configuration list for PBXNativeTarget "FindMyIP" */ = {
			isa = XCConfigurationList;
			buildConfigurations = (
				231924A02BB680AE00837F45 /* Debug */,
				231924A12BB680AE00837F45 /* Release */,
			);
			defaultConfigurationIsVisible = 0;
			defaultConfigurationName = Release;
		};
		23B9B14B2BB7E7C5005E5BAD /* Build configuration list for PBXNativeTarget "FindMyIPTests" */ = {
			isa = XCConfigurationList;
			buildConfigurations = (
				23B9B14C2BB7E7C5005E5BAD /* Debug */,
				23B9B14D2BB7E7C5005E5BAD /* Release */,
			);
			defaultConfigurationIsVisible = 0;
			defaultConfigurationName = Release;
		};
/* End XCConfigurationList section */
	};
	rootObject = 231924892BB680AD00837F45 /* Project object */;
}
